
Microsoft Visual Studio Solution File, Format Version 11.00
# Visual Studio 2010
Project("{FAE04EC0-301F-11D3-BF4B-00C04F79EFBC}") = "UnityEngine.TestRunner", "UnityEngine.TestRunner.csproj", "{92248c2d-047c-7af8-cb5b-8795c8403c72}"
EndProject
Project("{FAE04EC0-301F-11D3-BF4B-00C04F79EFBC}") = "Unity.Timeline", "Unity.Timeline.csproj", "{a8310a79-e3ca-880e-f611-f2dd737bdc41}"
EndProject
Project("{FAE04EC0-301F-11D3-BF4B-00C04F79EFBC}") = "UnityEngine.UI", "UnityEngine.UI.csproj", "{21bcc0fb-a71a-a662-b6c3-3e4026cd36ee}"
EndProject
Project("{FAE04EC0-301F-11D3-BF4B-00C04F79EFBC}") = "Unity.TextMeshPro", "Unity.TextMeshPro.csproj", "{15bccf18-842f-21a3-be46-2ade3f30cb03}"
EndProject
Project("{FAE04EC0-301F-11D3-BF4B-00C04F79EFBC}") = "Assembly-CSharp", "Assembly-CSharp.csproj", "{39062a41-8847-2202-6e54-f81707ff32d1}"
EndProject
Project("{FAE04EC0-301F-11D3-BF4B-00C04F79EFBC}") = "UnityEditor.TestRunner", "UnityEditor.TestRunner.csproj", "{be95bc5e-f179-54cb-b565-9ee6b7b1fc85}"
EndProject
Project("{FAE04EC0-301F-11D3-BF4B-00C04F79EFBC}") = "Unity.PlasticSCM.Editor", "Unity.PlasticSCM.Editor.csproj", "{9f95b480-0a74-35c7-311e-5bf32c8007ca}"
EndProject
Project("{FAE04EC0-301F-11D3-BF4B-00C04F79EFBC}") = "UnityEditor.UI", "UnityEditor.UI.csproj", "{9ebd72e8-dac8-dda1-97cb-543dddc5a5b3}"
EndProject
Project("{FAE04EC0-301F-11D3-BF4B-00C04F79EFBC}") = "Unity.Services.Core.Editor", "Unity.Services.Core.Editor.csproj", "{026b504e-4886-3373-024b-0ac181672049}"
EndProject
Project("{FAE04EC0-301F-11D3-BF4B-00C04F79EFBC}") = "Unity.Timeline.Editor", "Unity.Timeline.Editor.csproj", "{13db88c9-a4a5-3967-709a-5ebc77541c13}"
EndProject
Project("{FAE04EC0-301F-11D3-BF4B-00C04F79EFBC}") = "Unity.VisualStudio.Editor", "Unity.VisualStudio.Editor.csproj", "{db3ff50b-a612-fe4a-bd29-327bdba94afc}"
EndProject
Project("{FAE04EC0-301F-11D3-BF4B-00C04F79EFBC}") = "Unity.TextMeshPro.Editor", "Unity.TextMeshPro.Editor.csproj", "{48cc85ae-79c2-51d0-4506-c4164e11e4b2}"
EndProject
Project("{FAE04EC0-301F-11D3-BF4B-00C04F79EFBC}") = "Unity.CollabProxy.Editor", "Unity.CollabProxy.Editor.csproj", "{caa38509-daef-e348-54db-5497086b5cf7}"
EndProject
Project("{FAE04EC0-301F-11D3-BF4B-00C04F79EFBC}") = "Unity.Rider.Editor", "Unity.Rider.Editor.csproj", "{9b8d24a9-ace5-d9aa-ba96-abee3d724a5d}"
EndProject
Project("{FAE04EC0-301F-11D3-BF4B-00C04F79EFBC}") = "Unity.VSCode.Editor", "Unity.VSCode.Editor.csproj", "{83cda933-3aef-3d26-854e-a32baa8ace2c}"
EndProject
Global
	GlobalSection(SolutionConfigurationPlatforms) = preSolution
		Debug|Any CPU = Debug|Any CPU
	EndGlobalSection
	GlobalSection(ProjectConfigurationPlatforms) = postSolution
		{92248c2d-047c-7af8-cb5b-8795c8403c72}.Debug|Any CPU.ActiveCfg = Debug|Any CPU
		{92248c2d-047c-7af8-cb5b-8795c8403c72}.Debug|Any CPU.Build.0 = Debug|Any CPU
		{a8310a79-e3ca-880e-f611-f2dd737bdc41}.Debug|Any CPU.ActiveCfg = Debug|Any CPU
		{a8310a79-e3ca-880e-f611-f2dd737bdc41}.Debug|Any CPU.Build.0 = Debug|Any CPU
		{21bcc0fb-a71a-a662-b6c3-3e4026cd36ee}.Debug|Any CPU.ActiveCfg = Debug|Any CPU
		{21bcc0fb-a71a-a662-b6c3-3e4026cd36ee}.Debug|Any CPU.Build.0 = Debug|Any CPU
		{15bccf18-842f-21a3-be46-2ade3f30cb03}.Debug|Any CPU.ActiveCfg = Debug|Any CPU
		{15bccf18-842f-21a3-be46-2ade3f30cb03}.Debug|Any CPU.Build.0 = Debug|Any CPU
		{39062a41-8847-2202-6e54-f81707ff32d1}.Debug|Any CPU.ActiveCfg = Debug|Any CPU
		{39062a41-8847-2202-6e54-f81707ff32d1}.Debug|Any CPU.Build.0 = Debug|Any CPU
		{be95bc5e-f179-54cb-b565-9ee6b7b1fc85}.Debug|Any CPU.ActiveCfg = Debug|Any CPU
		{be95bc5e-f179-54cb-b565-9ee6b7b1fc85}.Debug|Any CPU.Build.0 = Debug|Any CPU
		{9f95b480-0a74-35c7-311e-5bf32c8007ca}.Debug|Any CPU.ActiveCfg = Debug|Any CPU
		{9f95b480-0a74-35c7-311e-5bf32c8007ca}.Debug|Any CPU.Build.0 = Debug|Any CPU
		{9ebd72e8-dac8-dda1-97cb-543dddc5a5b3}.Debug|Any CPU.ActiveCfg = Debug|Any CPU
		{9ebd72e8-dac8-dda1-97cb-543dddc5a5b3}.Debug|Any CPU.Build.0 = Debug|Any CPU
		{026b504e-4886-3373-024b-0ac181672049}.Debug|Any CPU.ActiveCfg = Debug|Any CPU
		{026b504e-4886-3373-024b-0ac181672049}.Debug|Any CPU.Build.0 = Debug|Any CPU
		{13db88c9-a4a5-3967-709a-5ebc77541c13}.Debug|Any CPU.ActiveCfg = Debug|Any CPU
		{13db88c9-a4a5-3967-709a-5ebc77541c13}.Debug|Any CPU.Build.0 = Debug|Any CPU
		{db3ff50b-a612-fe4a-bd29-327bdba94afc}.Debug|Any CPU.ActiveCfg = Debug|Any CPU
		{db3ff50b-a612-fe4a-bd29-327bdba94afc}.Debug|Any CPU.Build.0 = Debug|Any CPU
		{48cc85ae-79c2-51d0-4506-c4164e11e4b2}.Debug|Any CPU.ActiveCfg = Debug|Any CPU
		{48cc85ae-79c2-51d0-4506-c4164e11e4b2}.Debug|Any CPU.Build.0 = Debug|Any CPU
		{caa38509-daef-e348-54db-5497086b5cf7}.Debug|Any CPU.ActiveCfg = Debug|Any CPU
		{caa38509-daef-e348-54db-5497086b5cf7}.Debug|Any CPU.Build.0 = Debug|Any CPU
		{9b8d24a9-ace5-d9aa-ba96-abee3d724a5d}.Debug|Any CPU.ActiveCfg = Debug|Any CPU
		{9b8d24a9-ace5-d9aa-ba96-abee3d724a5d}.Debug|Any CPU.Build.0 = Debug|Any CPU
		{83cda933-3aef-3d26-854e-a32baa8ace2c}.Debug|Any CPU.ActiveCfg = Debug|Any CPU
		{83cda933-3aef-3d26-854e-a32baa8ace2c}.Debug|Any CPU.Build.0 = Debug|Any CPU
	EndGlobalSection
	GlobalSection(SolutionProperties) = preSolution
		HideSolutionNode = FALSE
	EndGlobalSection
EndGlobal
